{
    "version": "0.5",
    "requires": [
        "tinycthread/cci.20161001#9274b450c39882ec86b22496b52c2614%1681337418.988",
        "spdlog/1.12.0#0e390a2f5c3e96671d0857bc734e4731%1693277101.493",
        "linmath.h/cci.20220619#673bb6bd2700983661b57afe1f66ef66%1701349307.526",
        "gtest/1.14.0#4372c5aed2b4018ed9f9da3e218d18b3%1691143988.385",
        "glfw/3.3.8#545c12c3dd621f4cb64d5d8c5f469293%1683482625.927",
        "glad/0.1.36#c926453afdd9d5f72cc4ee6a8fff7d73%1678839632.23",
        "fmt/10.1.1#cd63809a79574a2f9eb73ca35f16a243%1693230699.985"
    ],
    "build_requires": [],
    "python_requires": []
}